// !$*UTF8*$!
{
	archiveVersion = 1;
	classes = {
	};
	objectVersion = 46;
	objects = {

/* Begin PBXBuildFile section */
		01895DFB193D1CAC009524C0 /* Foundation.framework in Frameworks */ = {isa = PBXBuildFile; fileRef = 01895DFA193D1CAC009524C0 /* Foundation.framework */; };
		01895DFD193D1CAC009524C0 /* CoreGraphics.framework in Frameworks */ = {isa = PBXBuildFile; fileRef = 01895DFC193D1CAC009524C0 /* CoreGraphics.framework */; };
		01895DFF193D1CAC009524C0 /* UIKit.framework in Frameworks */ = {isa = PBXBuildFile; fileRef = 01895DFE193D1CAC009524C0 /* UIKit.framework */; };
		01895E01193D1CAC009524C0 /* CoreData.framework in Frameworks */ = {isa = PBXBuildFile; fileRef = 01895E00193D1CAC009524C0 /* CoreData.framework */; };
		01895E07193D1CAC009524C0 /* InfoPlist.strings in Resources */ = {isa = PBXBuildFile; fileRef = 01895E05193D1CAC009524C0 /* InfoPlist.strings */; };
		01895E09193D1CAC009524C0 /* main.m in Sources */ = {isa = PBXBuildFile; fileRef = 01895E08193D1CAC009524C0 /* main.m */; };
		01895E0D193D1CAC009524C0 /* CtrlXAppDelegate.m in Sources */ = {isa = PBXBuildFile; fileRef = 01895E0C193D1CAC009524C0 /* CtrlXAppDelegate.m */; };
		01895E10193D1CAC009524C0 /* CtrlX.xcdatamodeld in Sources */ = {isa = PBXBuildFile; fileRef = 01895E0E193D1CAC009524C0 /* CtrlX.xcdatamodeld */; };
		01895E12193D1CAC009524C0 /* Images.xcassets in Resources */ = {isa = PBXBuildFile; fileRef = 01895E11193D1CAC009524C0 /* Images.xcassets */; };
		01895E19193D1CAC009524C0 /* XCTest.framework in Frameworks */ = {isa = PBXBuildFile; fileRef = 01895E18193D1CAC009524C0 /* XCTest.framework */; };
		01895E1A193D1CAC009524C0 /* Foundation.framework in Frameworks */ = {isa = PBXBuildFile; fileRef = 01895DFA193D1CAC009524C0 /* Foundation.framework */; };
		01895E1B193D1CAC009524C0 /* UIKit.framework in Frameworks */ = {isa = PBXBuildFile; fileRef = 01895DFE193D1CAC009524C0 /* UIKit.framework */; };
		01895E1C193D1CAC009524C0 /* CoreData.framework in Frameworks */ = {isa = PBXBuildFile; fileRef = 01895E00193D1CAC009524C0 /* CoreData.framework */; };
		01895E24193D1CAC009524C0 /* InfoPlist.strings in Resources */ = {isa = PBXBuildFile; fileRef = 01895E22193D1CAC009524C0 /* InfoPlist.strings */; };
		01895E26193D1CAC009524C0 /* CtrlXTests.m in Sources */ = {isa = PBXBuildFile; fileRef = 01895E25193D1CAC009524C0 /* CtrlXTests.m */; };
/* End PBXBuildFile section */

/* Begin PBXContainerItemProxy section */
		01895E1D193D1CAC009524C0 /* PBXContainerItemProxy */ = {
			isa = PBXContainerItemProxy;
			containerPortal = 01895DEF193D1CAC009524C0 /* Project object */;
			proxyType = 1;
			remoteGlobalIDString = 01895DF6193D1CAC009524C0;
			remoteInfo = CtrlX;
		};
/* End PBXContainerItemProxy section */

/* Begin PBXFileReference section */
		01895DF7193D1CAC009524C0 /* CtrlX.app */ = {isa = PBXFileReference; explicitFileType = wrapper.application; includeInIndex = 0; path = CtrlX.app; sourceTree = BUILT_PRODUCTS_DIR; };
		01895DFA193D1CAC009524C0 /* Foundation.framework */ = {isa = PBXFileReference; lastKnownFileType = wrapper.framework; name = Foundation.framework; path = System/Library/Frameworks/Foundation.framework; sourceTree = SDKROOT; };
		01895DFC193D1CAC009524C0 /* CoreGraphics.framework */ = {isa = PBXFileReference; lastKnownFileType = wrapper.framework; name = CoreGraphics.framework; path = System/Library/Frameworks/CoreGraphics.framework; sourceTree = SDKROOT; };
		01895DFE193D1CAC009524C0 /* UIKit.framework */ = {isa = PBXFileReference; lastKnownFileType = wrapper.framework; name = UIKit.framework; path = System/Library/Frameworks/UIKit.framework; sourceTree = SDKROOT; };
		01895E00193D1CAC009524C0 /* CoreData.framework */ = {isa = PBXFileReference; lastKnownFileType = wrapper.framework; name = CoreData.framework; path = System/Library/Frameworks/CoreData.framework; sourceTree = SDKROOT; };
		01895E04193D1CAC009524C0 /* CtrlX-Info.plist */ = {isa = PBXFileReference; lastKnownFileType = text.plist.xml; path = "CtrlX-Info.plist"; sourceTree = "<group>"; };
		01895E06193D1CAC009524C0 /* en */ = {isa = PBXFileReference; lastKnownFileType = text.plist.strings; name = en; path = en.lproj/InfoPlist.strings; sourceTree = "<group>"; };
		01895E08193D1CAC009524C0 /* main.m */ = {isa = PBXFileReference; lastKnownFileType = sourcecode.c.objc; path = main.m; sourceTree = "<group>"; };
		01895E0A193D1CAC009524C0 /* CtrlX-Prefix.pch */ = {isa = PBXFileReference; lastKnownFileType = sourcecode.c.h; path = "CtrlX-Prefix.pch"; sourceTree = "<group>"; };
		01895E0B193D1CAC009524C0 /* CtrlXAppDelegate.h */ = {isa = PBXFileReference; lastKnownFileType = sourcecode.c.h; path = CtrlXAppDelegate.h; sourceTree = "<group>"; };
		01895E0C193D1CAC009524C0 /* CtrlXAppDelegate.m */ = {isa = PBXFileReference; lastKnownFileType = sourcecode.c.objc; path = CtrlXAppDelegate.m; sourceTree = "<group>"; };
		01895E0F193D1CAC009524C0 /* CtrlX.xcdatamodel */ = {isa = PBXFileReference; lastKnownFileType = wrapper.xcdatamodel; path = CtrlX.xcdatamodel; sourceTree = "<group>"; };
		01895E11193D1CAC009524C0 /* Images.xcassets */ = {isa = PBXFileReference; lastKnownFileType = folder.assetcatalog; path = Images.xcassets; sourceTree = "<group>"; };
		01895E17193D1CAC009524C0 /* CtrlXTests.xctest */ = {isa = PBXFileReference; explicitFileType = wrapper.cfbundle; includeInIndex = 0; path = CtrlXTests.xctest; sourceTree = BUILT_PRODUCTS_DIR; };
		01895E18193D1CAC009524C0 /* XCTest.framework */ = {isa = PBXFileReference; lastKnownFileType = wrapper.framework; name = XCTest.framework; path = Library/Frameworks/XCTest.framework; sourceTree = DEVELOPER_DIR; };
		01895E21193D1CAC009524C0 /* CtrlXTests-Info.plist */ = {isa = PBXFileReference; lastKnownFileType = text.plist.xml; path = "CtrlXTests-Info.plist"; sourceTree = "<group>"; };
		01895E23193D1CAC009524C0 /* en */ = {isa = PBXFileReference; lastKnownFileType = text.plist.strings; name = en; path = en.lproj/InfoPlist.strings; sourceTree = "<group>"; };
		01895E25193D1CAC009524C0 /* CtrlXTests.m */ = {isa = PBXFileReference; lastKnownFileType = sourcecode.c.objc; path = CtrlXTests.m; sourceTree = "<group>"; };
/* End PBXFileReference section */

/* Begin PBXFrameworksBuildPhase section */
		01895DF4193D1CAC009524C0 /* Frameworks */ = {
			isa = PBXFrameworksBuildPhase;
			buildActionMask = 2147483647;
			files = (
				01895DFD193D1CAC009524C0 /* CoreGraphics.framework in Frameworks */,
				01895E01193D1CAC009524C0 /* CoreData.framework in Frameworks */,
				01895DFF193D1CAC009524C0 /* UIKit.framework in Frameworks */,
				01895DFB193D1CAC009524C0 /* Foundation.framework in Frameworks */,
			);
			runOnlyForDeploymentPostprocessing = 0;
		};
		01895E14193D1CAC009524C0 /* Frameworks */ = {
			isa = PBXFrameworksBuildPhase;
			buildActionMask = 2147483647;
			files = (
				01895E19193D1CAC009524C0 /* XCTest.framework in Frameworks */,
				01895E1C193D1CAC009524C0 /* CoreData.framework in Frameworks */,
				01895E1B193D1CAC009524C0 /* UIKit.framework in Frameworks */,
				01895E1A193D1CAC009524C0 /* Foundation.framework in Frameworks */,
			);
			runOnlyForDeploymentPostprocessing = 0;
		};
/* End PBXFrameworksBuildPhase section */

/* Begin PBXGroup section */
		01895DEE193D1CAC009524C0 = {
			isa = PBXGroup;
			children = (
				01895E02193D1CAC009524C0 /* CtrlX */,
				01895E1F193D1CAC009524C0 /* CtrlXTests */,
				01895DF9193D1CAC009524C0 /* Frameworks */,
				01895DF8193D1CAC009524C0 /* Products */,
			);
			sourceTree = "<group>";
		};
		01895DF8193D1CAC009524C0 /* Products */ = {
			isa = PBXGroup;
			children = (
				01895DF7193D1CAC009524C0 /* CtrlX.app */,
				01895E17193D1CAC009524C0 /* CtrlXTests.xctest */,
			);
			name = Products;
			sourceTree = "<group>";
		};
		01895DF9193D1CAC009524C0 /* Frameworks */ = {
			isa = PBXGroup;
			children = (
				01895DFA193D1CAC009524C0 /* Foundation.framework */,
				01895DFC193D1CAC009524C0 /* CoreGraphics.framework */,
				01895DFE193D1CAC009524C0 /* UIKit.framework */,
				01895E00193D1CAC009524C0 /* CoreData.framework */,
				01895E18193D1CAC009524C0 /* XCTest.framework */,
			);
			name = Frameworks;
			sourceTree = "<group>";
		};
		01895E02193D1CAC009524C0 /* CtrlX */ = {
			isa = PBXGroup;
			children = (
				01895E0B193D1CAC009524C0 /* CtrlXAppDelegate.h */,
				01895E0C193D1CAC009524C0 /* CtrlXAppDelegate.m */,
				01895E11193D1CAC009524C0 /* Images.xcassets */,
				01895E0E193D1CAC009524C0 /* CtrlX.xcdatamodeld */,
				01895E03193D1CAC009524C0 /* Supporting Files */,
			);
			path = CtrlX;
			sourceTree = "<group>";
		};
		01895E03193D1CAC009524C0 /* Supporting Files */ = {
			isa = PBXGroup;
			children = (
				01895E04193D1CAC009524C0 /* CtrlX-Info.plist */,
				01895E05193D1CAC009524C0 /* InfoPlist.strings */,
				01895E08193D1CAC009524C0 /* main.m */,
				01895E0A193D1CAC009524C0 /* CtrlX-Prefix.pch */,
			);
			name = "Supporting Files";
			sourceTree = "<group>";
		};
		01895E1F193D1CAC009524C0 /* CtrlXTests */ = {
			isa = PBXGroup;
			children = (
				01895E25193D1CAC009524C0 /* CtrlXTests.m */,
				01895E20193D1CAC009524C0 /* Supporting Files */,
			);
			path = CtrlXTests;
			sourceTree = "<group>";
		};
		01895E20193D1CAC009524C0 /* Supporting Files */ = {
			isa = PBXGroup;
			children = (
				01895E21193D1CAC009524C0 /* CtrlXTests-Info.plist */,
				01895E22193D1CAC009524C0 /* InfoPlist.strings */,
			);
			name = "Supporting Files";
			sourceTree = "<group>";
		};
/* End PBXGroup section */

/* Begin PBXNativeTarget section */
		01895DF6193D1CAC009524C0 /* CtrlX */ = {
			isa = PBXNativeTarget;
			buildConfigurationList = 01895E29193D1CAC009524C0 /* Build configuration list for PBXNativeTarget "CtrlX" */;
			buildPhases = (
				01895DF3193D1CAC009524C0 /* Sources */,
				01895DF4193D1CAC009524C0 /* Frameworks */,
				01895DF5193D1CAC009524C0 /* Resources */,
			);
			buildRules = (
			);
			dependencies = (
			);
			name = CtrlX;
			productName = CtrlX;
			productReference = 01895DF7193D1CAC009524C0 /* CtrlX.app */;
			productType = "com.apple.product-type.application";
		};
		01895E16193D1CAC009524C0 /* CtrlXTests */ = {
			isa = PBXNativeTarget;
			buildConfigurationList = 01895E2C193D1CAC009524C0 /* Build configuration list for PBXNativeTarget "CtrlXTests" */;
			buildPhases = (
				01895E13193D1CAC009524C0 /* Sources */,
				01895E14193D1CAC009524C0 /* Frameworks */,
				01895E15193D1CAC009524C0 /* Resources */,
			);
			buildRules = (
			);
			dependencies = (
				01895E1E193D1CAC009524C0 /* PBXTargetDependency */,
			);
			name = CtrlXTests;
			productName = CtrlXTests;
			productReference = 01895E17193D1CAC009524C0 /* CtrlXTests.xctest */;
			productType = "com.apple.product-type.bundle.unit-test";
		};
/* End PBXNativeTarget section */

/* Begin PBXProject section */
		01895DEF193D1CAC009524C0 /* Project object */ = {
			isa = PBXProject;
			attributes = {
				CLASSPREFIX = CtrlX;
				LastUpgradeCheck = 0510;
				ORGANIZATIONNAME = ctrlx.com;
				TargetAttributes = {
					01895E16193D1CAC009524C0 = {
						TestTargetID = 01895DF6193D1CAC009524C0;
					};
				};
			};
			buildConfigurationList = 01895DF2193D1CAC009524C0 /* Build configuration list for PBXProject "CtrlX" */;
			compatibilityVersion = "Xcode 3.2";
			developmentRegion = English;
			hasScannedForEncodings = 0;
			knownRegions = (
				en,
			);
			mainGroup = 01895DEE193D1CAC009524C0;
			productRefGroup = 01895DF8193D1CAC009524C0 /* Products */;
			projectDirPath = "";
			projectRoot = "";
			targets = (
				01895DF6193D1CAC009524C0 /* CtrlX */,
				01895E16193D1CAC009524C0 /* CtrlXTests */,
			);
		};
/* End PBXProject section */

/* Begin PBXResourcesBuildPhase section */
		01895DF5193D1CAC009524C0 /* Resources */ = {
			isa = PBXResourcesBuildPhase;
			buildActionMask = 2147483647;
			files = (
				01895E07193D1CAC009524C0 /* InfoPlist.strings in Resources */,
				01895E12193D1CAC009524C0 /* Images.xcassets in Resources */,
			);
			runOnlyForDeploymentPostprocessing = 0;
		};
		01895E15193D1CAC009524C0 /* Resources */ = {
			isa = PBXResourcesBuildPhase;
			buildActionMask = 2147483647;
			files = (
				01895E24193D1CAC009524C0 /* InfoPlist.strings in Resources */,
			);
			runOnlyForDeploymentPostprocessing = 0;
		};
/* End PBXResourcesBuildPhase section */

/* Begin PBXSourcesBuildPhase section */
		01895DF3193D1CAC009524C0 /* Sources */ = {
			isa = PBXSourcesBuildPhase;
			buildActionMask = 2147483647;
			files = (
				01895E0D193D1CAC009524C0 /* CtrlXAppDelegate.m in Sources */,
				01895E09193D1CAC009524C0 /* main.m in Sources */,
				01895E10193D1CAC009524C0 /* CtrlX.xcdatamodeld in Sources */,
			);
			runOnlyForDeploymentPostprocessing = 0;
		};
		01895E13193D1CAC009524C0 /* Sources */ = {
			isa = PBXSourcesBuildPhase;
			buildActionMask = 2147483647;
			files = (
				01895E26193D1CAC009524C0 /* CtrlXTests.m in Sources */,
			);
			runOnlyForDeploymentPostprocessing = 0;
		};
/* End PBXSourcesBuildPhase section */

/* Begin PBXTargetDependency section */
		01895E1E193D1CAC009524C0 /* PBXTargetDependency */ = {
			isa = PBXTargetDependency;
			target = 01895DF6193D1CAC009524C0 /* CtrlX */;
			targetProxy = 01895E1D193D1CAC009524C0 /* PBXContainerItemProxy */;
		};
/* End PBXTargetDependency section */

/* Begin PBXVariantGroup section */
		01895E05193D1CAC009524C0 /* InfoPlist.strings */ = {
			isa = PBXVariantGroup;
			children = (
				01895E06193D1CAC009524C0 /* en */,
			);
			name = InfoPlist.strings;
			sourceTree = "<group>";
		};
		01895E22193D1CAC009524C0 /* InfoPlist.strings */ = {
			isa = PBXVariantGroup;
			children = (
				01895E23193D1CAC009524C0 /* en */,
			);
			name = InfoPlist.strings;
			sourceTree = "<group>";
		};
/* End PBXVariantGroup section */

/* Begin XCBuildConfiguration section */
		01895E27193D1CAC009524C0 /* Debug */ = {
			isa = XCBuildConfiguration;
			buildSettings = {
				ALWAYS_SEARCH_USER_PATHS = NO;
				CLANG_CXX_LANGUAGE_STANDARD = "gnu++0x";
				CLANG_CXX_LIBRARY = "libc++";
				CLANG_ENABLE_MODULES = YES;
				CLANG_ENABLE_OBJC_ARC = YES;
				CLANG_WARN_BOOL_CONVERSION = YES;
				CLANG_WARN_CONSTANT_CONVERSION = YES;
				CLANG_WARN_DIRECT_OBJC_ISA_USAGE = YES_ERROR;
				CLANG_WARN_EMPTY_BODY = YES;
				CLANG_WARN_ENUM_CONVERSION = YES;
				CLANG_WARN_INT_CONVERSION = YES;
				CLANG_WARN_OBJC_ROOT_CLASS = YES_ERROR;
				CLANG_WARN__DUPLICATE_METHOD_MATCH = YES;
				"CODE_SIGN_IDENTITY[sdk=iphoneos*]" = "iPhone Developer";
				COPY_PHASE_STRIP = NO;
				GCC_C_LANGUAGE_STANDARD = gnu99;
				GCC_DYNAMIC_NO_PIC = NO;
				GCC_OPTIMIZATION_LEVEL = 0;
				GCC_PREPROCESSOR_DEFINITIONS = (
					"DEBUG=1",
					"$(inherited)",
				);
				GCC_SYMBOLS_PRIVATE_EXTERN = NO;
				GCC_WARN_64_TO_32_BIT_CONVERSION = YES;
				GCC_WARN_ABOUT_RETURN_TYPE = YES_ERROR;
				GCC_WARN_UNDECLARED_SELECTOR = YES;
				GCC_WARN_UNINITIALIZED_AUTOS = YES_AGGRESSIVE;
				GCC_WARN_UNUSED_FUNCTION = YES;
				GCC_WARN_UNUSED_VARIABLE = YES;
				IPHONEOS_DEPLOYMENT_TARGET = 7.1;
				ONLY_ACTIVE_ARCH = YES;
				SDKROOT = iphoneos;
			};
			name = Debug;
		};
		01895E28193D1CAC009524C0 /* Release */ = {
			isa = XCBuildConfiguration;
			buildSettings = {
				ALWAYS_SEARCH_USER_PATHS = NO;
				CLANG_CXX_LANGUAGE_STANDARD = "gnu++0x";
				CLANG_CXX_LIBRARY = "libc++";
				CLANG_ENABLE_MODULES = YES;
				CLANG_ENABLE_OBJC_ARC = YES;
				CLANG_WARN_BOOL_CONVERSION = YES;
				CLANG_WARN_CONSTANT_CONVERSION = YES;
				CLANG_WARN_DIRECT_OBJC_ISA_USAGE = YES_ERROR;
				CLANG_WARN_EMPTY_BODY = YES;
				CLANG_WARN_ENUM_CONVERSION = YES;
				CLANG_WARN_INT_CONVERSION = YES;
				CLANG_WARN_OBJC_ROOT_CLASS = YES_ERROR;
				CLANG_WARN__DUPLICATE_METHOD_MATCH = YES;
				"CODE_SIGN_IDENTITY[sdk=iphoneos*]" = "iPhone Developer";
				COPY_PHASE_STRIP = YES;
				ENABLE_NS_ASSERTIONS = NO;
				GCC_C_LANGUAGE_STANDARD = gnu99;
				GCC_WARN_64_TO_32_BIT_CONVERSION = YES;
				GCC_WARN_ABOUT_RETURN_TYPE = YES_ERROR;
				GCC_WARN_UNDECLARED_SELECTOR = YES;
				GCC_WARN_UNINITIALIZED_AUTOS = YES_AGGRESSIVE;
				GCC_WARN_UNUSED_FUNCTION = YES;
				GCC_WARN_UNUSED_VARIABLE = YES;
				IPHONEOS_DEPLOYMENT_TARGET = 7.1;
				SDKROOT = iphoneos;
				VALIDATE_PRODUCT = YES;
			};
			name = Release;
		};
		01895E2A193D1CAC009524C0 /* Debug */ = {
			isa = XCBuildConfiguration;
			buildSettings = {
				ASSETCATALOG_COMPILER_APPICON_NAME = AppIcon;
				ASSETCATALOG_COMPILER_LAUNCHIMAGE_NAME = LaunchImage;
				GCC_PRECOMPILE_PREFIX_HEADER = YES;
				GCC_PREFIX_HEADER = "CtrlX/CtrlX-Prefix.pch";
				INFOPLIST_FILE = "CtrlX/CtrlX-Info.plist";
				PRODUCT_NAME = "$(TARGET_NAME)";
				WRAPPER_EXTENSION = app;
			};
			name = Debug;
		};
		01895E2B193D1CAC009524C0 /* Release */ = {
			isa = XCBuildConfiguration;
			buildSettings = {
				ASSETCATALOG_COMPILER_APPICON_NAME = AppIcon;
				ASSETCATALOG_COMPILER_LAUNCHIMAGE_NAME = LaunchImage;
				GCC_PRECOMPILE_PREFIX_HEADER = YES;
				GCC_PREFIX_HEADER = "CtrlX/CtrlX-Prefix.pch";
				INFOPLIST_FILE = "CtrlX/CtrlX-Info.plist";
				PRODUCT_NAME = "$(TARGET_NAME)";
				WRAPPER_EXTENSION = app;
			};
			name = Release;
		};
		01895E2D193D1CAC009524C0 /* Debug */ = {
			isa = XCBuildConfiguration;
			buildSettings = {
				BUNDLE_LOADER = "$(BUILT_PRODUCTS_DIR)/CtrlX.app/CtrlX";
				FRAMEWORK_SEARCH_PATHS = (
					"$(SDKROOT)/Developer/Library/Frameworks",
					"$(inherited)",
					"$(DEVELOPER_FRAMEWORKS_DIR)",
				);
				GCC_PRECOMPILE_PREFIX_HEADER = YES;
				GCC_PREFIX_HEADER = "CtrlX/CtrlX-Prefix.pch";
				GCC_PREPROCESSOR_DEFINITIONS = (
					"DEBUG=1",
					"$(inherited)",
				);
				INFOPLIST_FILE = "CtrlXTests/CtrlXTests-Info.plist";
				PRODUCT_NAME = "$(TARGET_NAME)";
				TEST_HOST = "$(BUNDLE_LOADER)";
				WRAPPER_EXTENSION = xctest;
			};
			name = Debug;
		};
		01895E2E193D1CAC009524C0 /* Release */ = {
			isa = XCBuildConfiguration;
			buildSettings = {
				BUNDLE_LOADER = "$(BUILT_PRODUCTS_DIR)/CtrlX.app/CtrlX";
				FRAMEWORK_SEARCH_PATHS = (
					"$(SDKROOT)/Developer/Library/Frameworks",
					"$(inherited)",
					"$(DEVELOPER_FRAMEWORKS_DIR)",
				);
				GCC_PRECOMPILE_PREFIX_HEADER = YES;
				GCC_PREFIX_HEADER = "CtrlX/CtrlX-Prefix.pch";
				INFOPLIST_FILE = "CtrlXTests/CtrlXTests-Info.plist";
				PRODUCT_NAME = "$(TARGET_NAME)";
				TEST_HOST = "$(BUNDLE_LOADER)";
				WRAPPER_EXTENSION = xctest;
			};
			name = Release;
		};
/* End XCBuildConfiguration section */

/* Begin XCConfigurationList section */
		01895DF2193D1CAC009524C0 /* Build configuration list for PBXProject "CtrlX" */ = {
			isa = XCConfigurationList;
			buildConfigurations = (
				01895E27193D1CAC009524C0 /* Debug */,
				01895E28193D1CAC009524C0 /* Release */,
			);
			defaultConfigurationIsVisible = 0;
			defaultConfigurationName = Release;
		};
		01895E29193D1CAC009524C0 /* Build configuration list for PBXNativeTarget "CtrlX" */ = {
			isa = XCConfigurationList;
			buildConfigurations = (
				01895E2A193D1CAC009524C0 /* Debug */,
				01895E2B193D1CAC009524C0 /* Release */,
			);
			defaultConfigurationIsVisible = 0;
		};
		01895E2C193D1CAC009524C0 /* Build configuration list for PBXNativeTarget "CtrlXTests" */ = {
			isa = XCConfigurationList;
			buildConfigurations = (
				01895E2D193D1CAC009524C0 /* Debug */,
				01895E2E193D1CAC009524C0 /* Release */,
			);
			defaultConfigurationIsVisible = 0;
		};
/* End XCConfigurationList section */

/* Begin XCVersionGroup section */
		01895E0E193D1CAC009524C0 /* CtrlX.xcdatamodeld */ = {
			isa = XCVersionGroup;
			children = (
				01895E0F193D1CAC009524C0 /* CtrlX.xcdatamodel */,
			);
			currentVersion = 01895E0F193D1CAC009524C0 /* CtrlX.xcdatamodel */;
			path = CtrlX.xcdatamodeld;
			sourceTree = "<group>";
			versionGroupType = wrapper.xcdatamodel;
		};
/* End XCVersionGroup section */
	};
	rootObject = 01895DEF193D1CAC009524C0 /* Project object */;
}
