// !$*UTF8*$!
{
	archiveVersion = 1;
	classes = {
	};
	objectVersion = 46;
	objects = {

/* Begin PBXBuildFile section */
		01A3D39619E1FE8400846ABC /* main.m in Sources */ = {isa = PBXBuildFile; fileRef = 01A3D39519E1FE8400846ABC /* main.m */; };
		01A3D39919E1FE8400846ABC /* AppDelegate.m in Sources */ = {isa = PBXBuildFile; fileRef = 01A3D39819E1FE8400846ABC /* AppDelegate.m */; };
		01A3D39C19E1FE8400846ABC /* xRemote.xcdatamodeld in Sources */ = {isa = PBXBuildFile; fileRef = 01A3D39A19E1FE8400846ABC /* xRemote.xcdatamodeld */; };
		01A3D39F19E1FE8400846ABC /* ViewController.m in Sources */ = {isa = PBXBuildFile; fileRef = 01A3D39E19E1FE8400846ABC /* ViewController.m */; };
		01A3D3A219E1FE8400846ABC /* Main.storyboard in Resources */ = {isa = PBXBuildFile; fileRef = 01A3D3A019E1FE8400846ABC /* Main.storyboard */; };
		01A3D3A419E1FE8400846ABC /* Images.xcassets in Resources */ = {isa = PBXBuildFile; fileRef = 01A3D3A319E1FE8400846ABC /* Images.xcassets */; };
		01A3D3A719E1FE8400846ABC /* LaunchScreen.xib in Resources */ = {isa = PBXBuildFile; fileRef = 01A3D3A519E1FE8400846ABC /* LaunchScreen.xib */; };
		01A3D3B319E1FE8400846ABC /* xRemoteTests.m in Sources */ = {isa = PBXBuildFile; fileRef = 01A3D3B219E1FE8400846ABC /* xRemoteTests.m */; };
/* End PBXBuildFile section */

/* Begin PBXContainerItemProxy section */
		01A3D3AD19E1FE8400846ABC /* PBXContainerItemProxy */ = {
			isa = PBXContainerItemProxy;
			containerPortal = 01A3D38819E1FE8400846ABC /* Project object */;
			proxyType = 1;
			remoteGlobalIDString = 01A3D38F19E1FE8400846ABC;
			remoteInfo = xRemote;
		};
/* End PBXContainerItemProxy section */

/* Begin PBXFileReference section */
		01A3D39019E1FE8400846ABC /* xRemote.app */ = {isa = PBXFileReference; explicitFileType = wrapper.application; includeInIndex = 0; path = xRemote.app; sourceTree = BUILT_PRODUCTS_DIR; };
		01A3D39419E1FE8400846ABC /* Info.plist */ = {isa = PBXFileReference; lastKnownFileType = text.plist.xml; path = Info.plist; sourceTree = "<group>"; };
		01A3D39519E1FE8400846ABC /* main.m */ = {isa = PBXFileReference; lastKnownFileType = sourcecode.c.objc; path = main.m; sourceTree = "<group>"; };
		01A3D39719E1FE8400846ABC /* AppDelegate.h */ = {isa = PBXFileReference; lastKnownFileType = sourcecode.c.h; path = AppDelegate.h; sourceTree = "<group>"; };
		01A3D39819E1FE8400846ABC /* AppDelegate.m */ = {isa = PBXFileReference; lastKnownFileType = sourcecode.c.objc; path = AppDelegate.m; sourceTree = "<group>"; };
		01A3D39B19E1FE8400846ABC /* xRemote.xcdatamodel */ = {isa = PBXFileReference; lastKnownFileType = wrapper.xcdatamodel; path = xRemote.xcdatamodel; sourceTree = "<group>"; };
		01A3D39D19E1FE8400846ABC /* ViewController.h */ = {isa = PBXFileReference; lastKnownFileType = sourcecode.c.h; path = ViewController.h; sourceTree = "<group>"; };
		01A3D39E19E1FE8400846ABC /* ViewController.m */ = {isa = PBXFileReference; lastKnownFileType = sourcecode.c.objc; path = ViewController.m; sourceTree = "<group>"; };
		01A3D3A119E1FE8400846ABC /* Base */ = {isa = PBXFileReference; lastKnownFileType = file.storyboard; name = Base; path = Base.lproj/Main.storyboard; sourceTree = "<group>"; };
		01A3D3A319E1FE8400846ABC /* Images.xcassets */ = {isa = PBXFileReference; lastKnownFileType = folder.assetcatalog; path = Images.xcassets; sourceTree = "<group>"; };
		01A3D3A619E1FE8400846ABC /* Base */ = {isa = PBXFileReference; lastKnownFileType = file.xib; name = Base; path = Base.lproj/LaunchScreen.xib; sourceTree = "<group>"; };
		01A3D3AC19E1FE8400846ABC /* xRemoteTests.xctest */ = {isa = PBXFileReference; explicitFileType = wrapper.cfbundle; includeInIndex = 0; path = xRemoteTests.xctest; sourceTree = BUILT_PRODUCTS_DIR; };
		01A3D3B119E1FE8400846ABC /* Info.plist */ = {isa = PBXFileReference; lastKnownFileType = text.plist.xml; path = Info.plist; sourceTree = "<group>"; };
		01A3D3B219E1FE8400846ABC /* xRemoteTests.m */ = {isa = PBXFileReference; lastKnownFileType = sourcecode.c.objc; path = xRemoteTests.m; sourceTree = "<group>"; };
/* End PBXFileReference section */

/* Begin PBXFrameworksBuildPhase section */
		01A3D38D19E1FE8400846ABC /* Frameworks */ = {
			isa = PBXFrameworksBuildPhase;
			buildActionMask = 2147483647;
			files = (
			);
			runOnlyForDeploymentPostprocessing = 0;
		};
		01A3D3A919E1FE8400846ABC /* Frameworks */ = {
			isa = PBXFrameworksBuildPhase;
			buildActionMask = 2147483647;
			files = (
			);
			runOnlyForDeploymentPostprocessing = 0;
		};
/* End PBXFrameworksBuildPhase section */

/* Begin PBXGroup section */
		01A3D38719E1FE8400846ABC = {
			isa = PBXGroup;
			children = (
				01A3D39219E1FE8400846ABC /* xRemote */,
				01A3D3AF19E1FE8400846ABC /* xRemoteTests */,
				01A3D39119E1FE8400846ABC /* Products */,
			);
			sourceTree = "<group>";
		};
		01A3D39119E1FE8400846ABC /* Products */ = {
			isa = PBXGroup;
			children = (
				01A3D39019E1FE8400846ABC /* xRemote.app */,
				01A3D3AC19E1FE8400846ABC /* xRemoteTests.xctest */,
			);
			name = Products;
			sourceTree = "<group>";
		};
		01A3D39219E1FE8400846ABC /* xRemote */ = {
			isa = PBXGroup;
			children = (
				01A3D39719E1FE8400846ABC /* AppDelegate.h */,
				01A3D39819E1FE8400846ABC /* AppDelegate.m */,
				01A3D39D19E1FE8400846ABC /* ViewController.h */,
				01A3D39E19E1FE8400846ABC /* ViewController.m */,
				01A3D3A019E1FE8400846ABC /* Main.storyboard */,
				01A3D3A319E1FE8400846ABC /* Images.xcassets */,
				01A3D3A519E1FE8400846ABC /* LaunchScreen.xib */,
				01A3D39A19E1FE8400846ABC /* xRemote.xcdatamodeld */,
				01A3D39319E1FE8400846ABC /* Supporting Files */,
			);
			path = xRemote;
			sourceTree = "<group>";
		};
		01A3D39319E1FE8400846ABC /* Supporting Files */ = {
			isa = PBXGroup;
			children = (
				01A3D39419E1FE8400846ABC /* Info.plist */,
				01A3D39519E1FE8400846ABC /* main.m */,
			);
			name = "Supporting Files";
			sourceTree = "<group>";
		};
		01A3D3AF19E1FE8400846ABC /* xRemoteTests */ = {
			isa = PBXGroup;
			children = (
				01A3D3B219E1FE8400846ABC /* xRemoteTests.m */,
				01A3D3B019E1FE8400846ABC /* Supporting Files */,
			);
			path = xRemoteTests;
			sourceTree = "<group>";
		};
		01A3D3B019E1FE8400846ABC /* Supporting Files */ = {
			isa = PBXGroup;
			children = (
				01A3D3B119E1FE8400846ABC /* Info.plist */,
			);
			name = "Supporting Files";
			sourceTree = "<group>";
		};
/* End PBXGroup section */

/* Begin PBXNativeTarget section */
		01A3D38F19E1FE8400846ABC /* xRemote */ = {
			isa = PBXNativeTarget;
			buildConfigurationList = 01A3D3B619E1FE8400846ABC /* Build configuration list for PBXNativeTarget "xRemote" */;
			buildPhases = (
				01A3D38C19E1FE8400846ABC /* Sources */,
				01A3D38D19E1FE8400846ABC /* Frameworks */,
				01A3D38E19E1FE8400846ABC /* Resources */,
			);
			buildRules = (
			);
			dependencies = (
			);
			name = xRemote;
			productName = xRemote;
			productReference = 01A3D39019E1FE8400846ABC /* xRemote.app */;
			productType = "com.apple.product-type.application";
		};
		01A3D3AB19E1FE8400846ABC /* xRemoteTests */ = {
			isa = PBXNativeTarget;
			buildConfigurationList = 01A3D3B919E1FE8400846ABC /* Build configuration list for PBXNativeTarget "xRemoteTests" */;
			buildPhases = (
				01A3D3A819E1FE8400846ABC /* Sources */,
				01A3D3A919E1FE8400846ABC /* Frameworks */,
				01A3D3AA19E1FE8400846ABC /* Resources */,
			);
			buildRules = (
			);
			dependencies = (
				01A3D3AE19E1FE8400846ABC /* PBXTargetDependency */,
			);
			name = xRemoteTests;
			productName = xRemoteTests;
			productReference = 01A3D3AC19E1FE8400846ABC /* xRemoteTests.xctest */;
			productType = "com.apple.product-type.bundle.unit-test";
		};
/* End PBXNativeTarget section */

/* Begin PBXProject section */
		01A3D38819E1FE8400846ABC /* Project object */ = {
			isa = PBXProject;
			attributes = {
				LastUpgradeCheck = 0600;
				ORGANIZATIONNAME = ctrlx.com;
				TargetAttributes = {
					01A3D38F19E1FE8400846ABC = {
						CreatedOnToolsVersion = 6.0.1;
					};
					01A3D3AB19E1FE8400846ABC = {
						CreatedOnToolsVersion = 6.0.1;
						TestTargetID = 01A3D38F19E1FE8400846ABC;
					};
				};
			};
			buildConfigurationList = 01A3D38B19E1FE8400846ABC /* Build configuration list for PBXProject "xRemote" */;
			compatibilityVersion = "Xcode 3.2";
			developmentRegion = English;
			hasScannedForEncodings = 0;
			knownRegions = (
				en,
				Base,
			);
			mainGroup = 01A3D38719E1FE8400846ABC;
			productRefGroup = 01A3D39119E1FE8400846ABC /* Products */;
			projectDirPath = "";
			projectRoot = "";
			targets = (
				01A3D38F19E1FE8400846ABC /* xRemote */,
				01A3D3AB19E1FE8400846ABC /* xRemoteTests */,
			);
		};
/* End PBXProject section */

/* Begin PBXResourcesBuildPhase section */
		01A3D38E19E1FE8400846ABC /* Resources */ = {
			isa = PBXResourcesBuildPhase;
			buildActionMask = 2147483647;
			files = (
				01A3D3A219E1FE8400846ABC /* Main.storyboard in Resources */,
				01A3D3A719E1FE8400846ABC /* LaunchScreen.xib in Resources */,
				01A3D3A419E1FE8400846ABC /* Images.xcassets in Resources */,
			);
			runOnlyForDeploymentPostprocessing = 0;
		};
		01A3D3AA19E1FE8400846ABC /* Resources */ = {
			isa = PBXResourcesBuildPhase;
			buildActionMask = 2147483647;
			files = (
			);
			runOnlyForDeploymentPostprocessing = 0;
		};
/* End PBXResourcesBuildPhase section */

/* Begin PBXSourcesBuildPhase section */
		01A3D38C19E1FE8400846ABC /* Sources */ = {
			isa = PBXSourcesBuildPhase;
			buildActionMask = 2147483647;
			files = (
				01A3D39919E1FE8400846ABC /* AppDelegate.m in Sources */,
				01A3D39619E1FE8400846ABC /* main.m in Sources */,
				01A3D39F19E1FE8400846ABC /* ViewController.m in Sources */,
				01A3D39C19E1FE8400846ABC /* xRemote.xcdatamodeld in Sources */,
			);
			runOnlyForDeploymentPostprocessing = 0;
		};
		01A3D3A819E1FE8400846ABC /* Sources */ = {
			isa = PBXSourcesBuildPhase;
			buildActionMask = 2147483647;
			files = (
				01A3D3B319E1FE8400846ABC /* xRemoteTests.m in Sources */,
			);
			runOnlyForDeploymentPostprocessing = 0;
		};
/* End PBXSourcesBuildPhase section */

/* Begin PBXTargetDependency section */
		01A3D3AE19E1FE8400846ABC /* PBXTargetDependency */ = {
			isa = PBXTargetDependency;
			target = 01A3D38F19E1FE8400846ABC /* xRemote */;
			targetProxy = 01A3D3AD19E1FE8400846ABC /* PBXContainerItemProxy */;
		};
/* End PBXTargetDependency section */

/* Begin PBXVariantGroup section */
		01A3D3A019E1FE8400846ABC /* Main.storyboard */ = {
			isa = PBXVariantGroup;
			children = (
				01A3D3A119E1FE8400846ABC /* Base */,
			);
			name = Main.storyboard;
			sourceTree = "<group>";
		};
		01A3D3A519E1FE8400846ABC /* LaunchScreen.xib */ = {
			isa = PBXVariantGroup;
			children = (
				01A3D3A619E1FE8400846ABC /* Base */,
			);
			name = LaunchScreen.xib;
			sourceTree = "<group>";
		};
/* End PBXVariantGroup section */

/* Begin XCBuildConfiguration section */
		01A3D3B419E1FE8400846ABC /* Debug */ = {
			isa = XCBuildConfiguration;
			buildSettings = {
				ALWAYS_SEARCH_USER_PATHS = NO;
				CLANG_CXX_LANGUAGE_STANDARD = "gnu++0x";
				CLANG_CXX_LIBRARY = "libc++";
				CLANG_ENABLE_MODULES = YES;
				CLANG_ENABLE_OBJC_ARC = YES;
				CLANG_WARN_BOOL_CONVERSION = YES;
				CLANG_WARN_CONSTANT_CONVERSION = YES;
				CLANG_WARN_DIRECT_OBJC_ISA_USAGE = YES_ERROR;
				CLANG_WARN_EMPTY_BODY = YES;
				CLANG_WARN_ENUM_CONVERSION = YES;
				CLANG_WARN_INT_CONVERSION = YES;
				CLANG_WARN_OBJC_ROOT_CLASS = YES_ERROR;
				CLANG_WARN_UNREACHABLE_CODE = YES;
				CLANG_WARN__DUPLICATE_METHOD_MATCH = YES;
				"CODE_SIGN_IDENTITY[sdk=iphoneos*]" = "iPhone Developer";
				COPY_PHASE_STRIP = NO;
				ENABLE_STRICT_OBJC_MSGSEND = YES;
				GCC_C_LANGUAGE_STANDARD = gnu99;
				GCC_DYNAMIC_NO_PIC = NO;
				GCC_OPTIMIZATION_LEVEL = 0;
				GCC_PREPROCESSOR_DEFINITIONS = (
					"DEBUG=1",
					"$(inherited)",
				);
				GCC_SYMBOLS_PRIVATE_EXTERN = NO;
				GCC_WARN_64_TO_32_BIT_CONVERSION = YES;
				GCC_WARN_ABOUT_RETURN_TYPE = YES_ERROR;
				GCC_WARN_UNDECLARED_SELECTOR = YES;
				GCC_WARN_UNINITIALIZED_AUTOS = YES_AGGRESSIVE;
				GCC_WARN_UNUSED_FUNCTION = YES;
				GCC_WARN_UNUSED_VARIABLE = YES;
				IPHONEOS_DEPLOYMENT_TARGET = 8.0;
				MTL_ENABLE_DEBUG_INFO = YES;
				ONLY_ACTIVE_ARCH = YES;
				SDKROOT = iphoneos;
			};
			name = Debug;
		};
		01A3D3B519E1FE8400846ABC /* Release */ = {
			isa = XCBuildConfiguration;
			buildSettings = {
				ALWAYS_SEARCH_USER_PATHS = NO;
				CLANG_CXX_LANGUAGE_STANDARD = "gnu++0x";
				CLANG_CXX_LIBRARY = "libc++";
				CLANG_ENABLE_MODULES = YES;
				CLANG_ENABLE_OBJC_ARC = YES;
				CLANG_WARN_BOOL_CONVERSION = YES;
				CLANG_WARN_CONSTANT_CONVERSION = YES;
				CLANG_WARN_DIRECT_OBJC_ISA_USAGE = YES_ERROR;
				CLANG_WARN_EMPTY_BODY = YES;
				CLANG_WARN_ENUM_CONVERSION = YES;
				CLANG_WARN_INT_CONVERSION = YES;
				CLANG_WARN_OBJC_ROOT_CLASS = YES_ERROR;
				CLANG_WARN_UNREACHABLE_CODE = YES;
				CLANG_WARN__DUPLICATE_METHOD_MATCH = YES;
				"CODE_SIGN_IDENTITY[sdk=iphoneos*]" = "iPhone Developer";
				COPY_PHASE_STRIP = YES;
				ENABLE_NS_ASSERTIONS = NO;
				ENABLE_STRICT_OBJC_MSGSEND = YES;
				GCC_C_LANGUAGE_STANDARD = gnu99;
				GCC_WARN_64_TO_32_BIT_CONVERSION = YES;
				GCC_WARN_ABOUT_RETURN_TYPE = YES_ERROR;
				GCC_WARN_UNDECLARED_SELECTOR = YES;
				GCC_WARN_UNINITIALIZED_AUTOS = YES_AGGRESSIVE;
				GCC_WARN_UNUSED_FUNCTION = YES;
				GCC_WARN_UNUSED_VARIABLE = YES;
				IPHONEOS_DEPLOYMENT_TARGET = 8.0;
				MTL_ENABLE_DEBUG_INFO = NO;
				SDKROOT = iphoneos;
				VALIDATE_PRODUCT = YES;
			};
			name = Release;
		};
		01A3D3B719E1FE8400846ABC /* Debug */ = {
			isa = XCBuildConfiguration;
			buildSettings = {
				ASSETCATALOG_COMPILER_APPICON_NAME = AppIcon;
				INFOPLIST_FILE = xRemote/Info.plist;
				LD_RUNPATH_SEARCH_PATHS = "$(inherited) @executable_path/Frameworks";
				PRODUCT_NAME = "$(TARGET_NAME)";
			};
			name = Debug;
		};
		01A3D3B819E1FE8400846ABC /* Release */ = {
			isa = XCBuildConfiguration;
			buildSettings = {
				ASSETCATALOG_COMPILER_APPICON_NAME = AppIcon;
				INFOPLIST_FILE = xRemote/Info.plist;
				LD_RUNPATH_SEARCH_PATHS = "$(inherited) @executable_path/Frameworks";
				PRODUCT_NAME = "$(TARGET_NAME)";
			};
			name = Release;
		};
		01A3D3BA19E1FE8400846ABC /* Debug */ = {
			isa = XCBuildConfiguration;
			buildSettings = {
				BUNDLE_LOADER = "$(TEST_HOST)";
				FRAMEWORK_SEARCH_PATHS = (
					"$(SDKROOT)/Developer/Library/Frameworks",
					"$(inherited)",
				);
				GCC_PREPROCESSOR_DEFINITIONS = (
					"DEBUG=1",
					"$(inherited)",
				);
				INFOPLIST_FILE = xRemoteTests/Info.plist;
				LD_RUNPATH_SEARCH_PATHS = "$(inherited) @executable_path/Frameworks @loader_path/Frameworks";
				PRODUCT_NAME = "$(TARGET_NAME)";
				TEST_HOST = "$(BUILT_PRODUCTS_DIR)/xRemote.app/xRemote";
			};
			name = Debug;
		};
		01A3D3BB19E1FE8400846ABC /* Release */ = {
			isa = XCBuildConfiguration;
			buildSettings = {
				BUNDLE_LOADER = "$(TEST_HOST)";
				FRAMEWORK_SEARCH_PATHS = (
					"$(SDKROOT)/Developer/Library/Frameworks",
					"$(inherited)",
				);
				INFOPLIST_FILE = xRemoteTests/Info.plist;
				LD_RUNPATH_SEARCH_PATHS = "$(inherited) @executable_path/Frameworks @loader_path/Frameworks";
				PRODUCT_NAME = "$(TARGET_NAME)";
				TEST_HOST = "$(BUILT_PRODUCTS_DIR)/xRemote.app/xRemote";
			};
			name = Release;
		};
/* End XCBuildConfiguration section */

/* Begin XCConfigurationList section */
		01A3D38B19E1FE8400846ABC /* Build configuration list for PBXProject "xRemote" */ = {
			isa = XCConfigurationList;
			buildConfigurations = (
				01A3D3B419E1FE8400846ABC /* Debug */,
				01A3D3B519E1FE8400846ABC /* Release */,
			);
			defaultConfigurationIsVisible = 0;
			defaultConfigurationName = Release;
		};
		01A3D3B619E1FE8400846ABC /* Build configuration list for PBXNativeTarget "xRemote" */ = {
			isa = XCConfigurationList;
			buildConfigurations = (
				01A3D3B719E1FE8400846ABC /* Debug */,
				01A3D3B819E1FE8400846ABC /* Release */,
			);
			defaultConfigurationIsVisible = 0;
		};
		01A3D3B919E1FE8400846ABC /* Build configuration list for PBXNativeTarget "xRemoteTests" */ = {
			isa = XCConfigurationList;
			buildConfigurations = (
				01A3D3BA19E1FE8400846ABC /* Debug */,
				01A3D3BB19E1FE8400846ABC /* Release */,
			);
			defaultConfigurationIsVisible = 0;
		};
/* End XCConfigurationList section */

/* Begin XCVersionGroup section */
		01A3D39A19E1FE8400846ABC /* xRemote.xcdatamodeld */ = {
			isa = XCVersionGroup;
			children = (
				01A3D39B19E1FE8400846ABC /* xRemote.xcdatamodel */,
			);
			currentVersion = 01A3D39B19E1FE8400846ABC /* xRemote.xcdatamodel */;
			path = xRemote.xcdatamodeld;
			sourceTree = "<group>";
			versionGroupType = wrapper.xcdatamodel;
		};
/* End XCVersionGroup section */
	};
	rootObject = 01A3D38819E1FE8400846ABC /* Project object */;
}
